
Microsoft Visual Studio Solution File, Format Version 12.00
# Visual Studio Version 16
VisualStudioVersion = 16.0.30114.105
MinimumVisualStudioVersion = 10.0.40219.1
Project("{8BC9CEB8-8B4A-11D0-8D11-00A0C91BC942}") = "p4", "p4.vcxproj", "{14FF7568-20D2-40B2-8A58-6FA3FFD2DF40}"
EndProject
Global
	GlobalSection(SolutionConfigurationPlatforms) = preSolution
		Debug|x64 = Debug|x64
		Debug|x86 = Debug|x86
		Release|x64 = Release|x64
		Release|x86 = Release|x86
	EndGlobalSection
	GlobalSection(ProjectConfigurationPlatforms) = postSolution
		{14FF7568-20D2-40B2-8A58-6FA3FFD2DF40}.Debug|x64.ActiveCfg = Debug|x64
		{14FF7568-20D2-40B2-8A58-6FA3FFD2DF40}.Debug|x64.Build.0 = Debug|x64
		{14FF7568-20D2-40B2-8A58-6FA3FFD2DF40}.Debug|x86.ActiveCfg = Debug|Win32
		{14FF7568-20D2-40B2-8A58-6FA3FFD2DF40}.Debug|x86.Build.0 = Debug|Win32
		{14FF7568-20D2-40B2-8A58-6FA3FFD2DF40}.Release|x64.ActiveCfg = Release|x64
		{14FF7568-20D2-40B2-8A58-6FA3FFD2DF40}.Release|x64.Build.0 = Release|x64
		{14FF7568-20D2-40B2-8A58-6FA3FFD2DF40}.Release|x86.ActiveCfg = Release|Win32
		{14FF7568-20D2-40B2-8A58-6FA3FFD2DF40}.Release|x86.Build.0 = Release|Win32
	EndGlobalSection
	GlobalSection(SolutionProperties) = preSolution
		HideSolutionNode = FALSE
	EndGlobalSection
	GlobalSection(ExtensibilityGlobals) = postSolution
		SolutionGuid = {8AD35ADF-C022-434C-886D-CE36738C9E95}
	EndGlobalSection
EndGlobal
