
Microsoft Visual Studio Solution File, Format Version 12.00
# Visual Studio Version 16
VisualStudioVersion = 16.0.30114.105
MinimumVisualStudioVersion = 10.0.40219.1
Project("{8BC9CEB8-8B4A-11D0-8D11-00A0C91BC942}") = "p3", "p3.vcxproj", "{72CD9CD2-FBC6-415D-8995-474B71CCE0C0}"
EndProject
Global
	GlobalSection(SolutionConfigurationPlatforms) = preSolution
		Debug|x64 = Debug|x64
		Debug|x86 = Debug|x86
		Release|x64 = Release|x64
		Release|x86 = Release|x86
	EndGlobalSection
	GlobalSection(ProjectConfigurationPlatforms) = postSolution
		{72CD9CD2-FBC6-415D-8995-474B71CCE0C0}.Debug|x64.ActiveCfg = Debug|x64
		{72CD9CD2-FBC6-415D-8995-474B71CCE0C0}.Debug|x64.Build.0 = Debug|x64
		{72CD9CD2-FBC6-415D-8995-474B71CCE0C0}.Debug|x86.ActiveCfg = Debug|Win32
		{72CD9CD2-FBC6-415D-8995-474B71CCE0C0}.Debug|x86.Build.0 = Debug|Win32
		{72CD9CD2-FBC6-415D-8995-474B71CCE0C0}.Release|x64.ActiveCfg = Release|x64
		{72CD9CD2-FBC6-415D-8995-474B71CCE0C0}.Release|x64.Build.0 = Release|x64
		{72CD9CD2-FBC6-415D-8995-474B71CCE0C0}.Release|x86.ActiveCfg = Release|Win32
		{72CD9CD2-FBC6-415D-8995-474B71CCE0C0}.Release|x86.Build.0 = Release|Win32
	EndGlobalSection
	GlobalSection(SolutionProperties) = preSolution
		HideSolutionNode = FALSE
	EndGlobalSection
	GlobalSection(ExtensibilityGlobals) = postSolution
		SolutionGuid = {ADA8ECF8-87C9-4333-9197-F6133F20F25D}
	EndGlobalSection
EndGlobal
